// !$*UTF8*$!
{
	archiveVersion = 1;
	classes = {
	};
	objectVersion = 46;
	objects = {

/* Begin PBXBuildFile section */
		5F652E681C2D8EE500E801E9 /* AppDelegate.swift in Sources */ = {isa = PBXBuildFile; fileRef = 5F652E671C2D8EE500E801E9 /* AppDelegate.swift */; };
		5F652E6A1C2D8EE500E801E9 /* ViewController.swift in Sources */ = {isa = PBXBuildFile; fileRef = 5F652E691C2D8EE500E801E9 /* ViewController.swift */; };
		5F652E6D1C2D8EE500E801E9 /* Main.storyboard in Resources */ = {isa = PBXBuildFile; fileRef = 5F652E6B1C2D8EE500E801E9 /* Main.storyboard */; };
		5F652E6F1C2D8EE500E801E9 /* Assets.xcassets in Resources */ = {isa = PBXBuildFile; fileRef = 5F652E6E1C2D8EE500E801E9 /* Assets.xcassets */; };
		5F652E721C2D8EE500E801E9 /* LaunchScreen.storyboard in Resources */ = {isa = PBXBuildFile; fileRef = 5F652E701C2D8EE500E801E9 /* LaunchScreen.storyboard */; };
		5F652E7D1C2D8EE500E801E9 /* BlueRedTests.swift in Sources */ = {isa = PBXBuildFile; fileRef = 5F652E7C1C2D8EE500E801E9 /* BlueRedTests.swift */; };
		5F652E881C2D8EE500E801E9 /* BlueRedUITests.swift in Sources */ = {isa = PBXBuildFile; fileRef = 5F652E871C2D8EE500E801E9 /* BlueRedUITests.swift */; };
/* End PBXBuildFile section */

/* Begin PBXContainerItemProxy section */
		5F652E791C2D8EE500E801E9 /* PBXContainerItemProxy */ = {
			isa = PBXContainerItemProxy;
			containerPortal = 5F652E5C1C2D8EE500E801E9 /* Project object */;
			proxyType = 1;
			remoteGlobalIDString = 5F652E631C2D8EE500E801E9;
			remoteInfo = BlueRed;
		};
		5F652E841C2D8EE500E801E9 /* PBXContainerItemProxy */ = {
			isa = PBXContainerItemProxy;
			containerPortal = 5F652E5C1C2D8EE500E801E9 /* Project object */;
			proxyType = 1;
			remoteGlobalIDString = 5F652E631C2D8EE500E801E9;
			remoteInfo = BlueRed;
		};
/* End PBXContainerItemProxy section */

/* Begin PBXFileReference section */
		5F652E641C2D8EE500E801E9 /* BlueRed.app */ = {isa = PBXFileReference; explicitFileType = wrapper.application; includeInIndex = 0; path = BlueRed.app; sourceTree = BUILT_PRODUCTS_DIR; };
		5F652E671C2D8EE500E801E9 /* AppDelegate.swift */ = {isa = PBXFileReference; lastKnownFileType = sourcecode.swift; path = AppDelegate.swift; sourceTree = "<group>"; };
		5F652E691C2D8EE500E801E9 /* ViewController.swift */ = {isa = PBXFileReference; lastKnownFileType = sourcecode.swift; path = ViewController.swift; sourceTree = "<group>"; };
		5F652E6C1C2D8EE500E801E9 /* Base */ = {isa = PBXFileReference; lastKnownFileType = file.storyboard; name = Base; path = Base.lproj/Main.storyboard; sourceTree = "<group>"; };
		5F652E6E1C2D8EE500E801E9 /* Assets.xcassets */ = {isa = PBXFileReference; lastKnownFileType = folder.assetcatalog; path = Assets.xcassets; sourceTree = "<group>"; };
		5F652E711C2D8EE500E801E9 /* Base */ = {isa = PBXFileReference; lastKnownFileType = file.storyboard; name = Base; path = Base.lproj/LaunchScreen.storyboard; sourceTree = "<group>"; };
		5F652E731C2D8EE500E801E9 /* Info.plist */ = {isa = PBXFileReference; lastKnownFileType = text.plist.xml; path = Info.plist; sourceTree = "<group>"; };
		5F652E781C2D8EE500E801E9 /* BlueRedTests.xctest */ = {isa = PBXFileReference; explicitFileType = wrapper.cfbundle; includeInIndex = 0; path = BlueRedTests.xctest; sourceTree = BUILT_PRODUCTS_DIR; };
		5F652E7C1C2D8EE500E801E9 /* BlueRedTests.swift */ = {isa = PBXFileReference; lastKnownFileType = sourcecode.swift; path = BlueRedTests.swift; sourceTree = "<group>"; };
		5F652E7E1C2D8EE500E801E9 /* Info.plist */ = {isa = PBXFileReference; lastKnownFileType = text.plist.xml; path = Info.plist; sourceTree = "<group>"; };
		5F652E831C2D8EE500E801E9 /* BlueRedUITests.xctest */ = {isa = PBXFileReference; explicitFileType = wrapper.cfbundle; includeInIndex = 0; path = BlueRedUITests.xctest; sourceTree = BUILT_PRODUCTS_DIR; };
		5F652E871C2D8EE500E801E9 /* BlueRedUITests.swift */ = {isa = PBXFileReference; lastKnownFileType = sourcecode.swift; path = BlueRedUITests.swift; sourceTree = "<group>"; };
		5F652E891C2D8EE500E801E9 /* Info.plist */ = {isa = PBXFileReference; lastKnownFileType = text.plist.xml; path = Info.plist; sourceTree = "<group>"; };
/* End PBXFileReference section */

/* Begin PBXFrameworksBuildPhase section */
		5F652E611C2D8EE500E801E9 /* Frameworks */ = {
			isa = PBXFrameworksBuildPhase;
			buildActionMask = 2147483647;
			files = (
			);
			runOnlyForDeploymentPostprocessing = 0;
		};
		5F652E751C2D8EE500E801E9 /* Frameworks */ = {
			isa = PBXFrameworksBuildPhase;
			buildActionMask = 2147483647;
			files = (
			);
			runOnlyForDeploymentPostprocessing = 0;
		};
		5F652E801C2D8EE500E801E9 /* Frameworks */ = {
			isa = PBXFrameworksBuildPhase;
			buildActionMask = 2147483647;
			files = (
			);
			runOnlyForDeploymentPostprocessing = 0;
		};
/* End PBXFrameworksBuildPhase section */

/* Begin PBXGroup section */
		5F652E5B1C2D8EE500E801E9 = {
			isa = PBXGroup;
			children = (
				5F652E661C2D8EE500E801E9 /* BlueRed */,
				5F652E7B1C2D8EE500E801E9 /* BlueRedTests */,
				5F652E861C2D8EE500E801E9 /* BlueRedUITests */,
				5F652E651C2D8EE500E801E9 /* Products */,
			);
			sourceTree = "<group>";
		};
		5F652E651C2D8EE500E801E9 /* Products */ = {
			isa = PBXGroup;
			children = (
				5F652E641C2D8EE500E801E9 /* BlueRed.app */,
				5F652E781C2D8EE500E801E9 /* BlueRedTests.xctest */,
				5F652E831C2D8EE500E801E9 /* BlueRedUITests.xctest */,
			);
			name = Products;
			sourceTree = "<group>";
		};
		5F652E661C2D8EE500E801E9 /* BlueRed */ = {
			isa = PBXGroup;
			children = (
				5F652E671C2D8EE500E801E9 /* AppDelegate.swift */,
				5F652E691C2D8EE500E801E9 /* ViewController.swift */,
				5F652E6B1C2D8EE500E801E9 /* Main.storyboard */,
				5F652E6E1C2D8EE500E801E9 /* Assets.xcassets */,
				5F652E701C2D8EE500E801E9 /* LaunchScreen.storyboard */,
				5F652E731C2D8EE500E801E9 /* Info.plist */,
			);
			path = BlueRed;
			sourceTree = "<group>";
		};
		5F652E7B1C2D8EE500E801E9 /* BlueRedTests */ = {
			isa = PBXGroup;
			children = (
				5F652E7C1C2D8EE500E801E9 /* BlueRedTests.swift */,
				5F652E7E1C2D8EE500E801E9 /* Info.plist */,
			);
			path = BlueRedTests;
			sourceTree = "<group>";
		};
		5F652E861C2D8EE500E801E9 /* BlueRedUITests */ = {
			isa = PBXGroup;
			children = (
				5F652E871C2D8EE500E801E9 /* BlueRedUITests.swift */,
				5F652E891C2D8EE500E801E9 /* Info.plist */,
			);
			path = BlueRedUITests;
			sourceTree = "<group>";
		};
/* End PBXGroup section */

/* Begin PBXNativeTarget section */
		5F652E631C2D8EE500E801E9 /* BlueRed */ = {
			isa = PBXNativeTarget;
			buildConfigurationList = 5F652E8C1C2D8EE500E801E9 /* Build configuration list for PBXNativeTarget "BlueRed" */;
			buildPhases = (
				5F652E601C2D8EE500E801E9 /* Sources */,
				5F652E611C2D8EE500E801E9 /* Frameworks */,
				5F652E621C2D8EE500E801E9 /* Resources */,
			);
			buildRules = (
			);
			dependencies = (
			);
			name = BlueRed;
			productName = BlueRed;
			productReference = 5F652E641C2D8EE500E801E9 /* BlueRed.app */;
			productType = "com.apple.product-type.application";
		};
		5F652E771C2D8EE500E801E9 /* BlueRedTests */ = {
			isa = PBXNativeTarget;
			buildConfigurationList = 5F652E8F1C2D8EE500E801E9 /* Build configuration list for PBXNativeTarget "BlueRedTests" */;
			buildPhases = (
				5F652E741C2D8EE500E801E9 /* Sources */,
				5F652E751C2D8EE500E801E9 /* Frameworks */,
				5F652E761C2D8EE500E801E9 /* Resources */,
			);
			buildRules = (
			);
			dependencies = (
				5F652E7A1C2D8EE500E801E9 /* PBXTargetDependency */,
			);
			name = BlueRedTests;
			productName = BlueRedTests;
			productReference = 5F652E781C2D8EE500E801E9 /* BlueRedTests.xctest */;
			productType = "com.apple.product-type.bundle.unit-test";
		};
		5F652E821C2D8EE500E801E9 /* BlueRedUITests */ = {
			isa = PBXNativeTarget;
			buildConfigurationList = 5F652E921C2D8EE500E801E9 /* Build configuration list for PBXNativeTarget "BlueRedUITests" */;
			buildPhases = (
				5F652E7F1C2D8EE500E801E9 /* Sources */,
				5F652E801C2D8EE500E801E9 /* Frameworks */,
				5F652E811C2D8EE500E801E9 /* Resources */,
			);
			buildRules = (
			);
			dependencies = (
				5F652E851C2D8EE500E801E9 /* PBXTargetDependency */,
			);
			name = BlueRedUITests;
			productName = BlueRedUITests;
			productReference = 5F652E831C2D8EE500E801E9 /* BlueRedUITests.xctest */;
			productType = "com.apple.product-type.bundle.ui-testing";
		};
/* End PBXNativeTarget section */

/* Begin PBXProject section */
		5F652E5C1C2D8EE500E801E9 /* Project object */ = {
			isa = PBXProject;
			attributes = {
				LastSwiftUpdateCheck = 0720;
				LastUpgradeCheck = 0720;
				ORGANIZATIONNAME = Hadeel;
				TargetAttributes = {
					5F652E631C2D8EE500E801E9 = {
						CreatedOnToolsVersion = 7.2;
					};
					5F652E771C2D8EE500E801E9 = {
						CreatedOnToolsVersion = 7.2;
						TestTargetID = 5F652E631C2D8EE500E801E9;
					};
					5F652E821C2D8EE500E801E9 = {
						CreatedOnToolsVersion = 7.2;
						TestTargetID = 5F652E631C2D8EE500E801E9;
					};
				};
			};
			buildConfigurationList = 5F652E5F1C2D8EE500E801E9 /* Build configuration list for PBXProject "BlueRed" */;
			compatibilityVersion = "Xcode 3.2";
			developmentRegion = English;
			hasScannedForEncodings = 0;
			knownRegions = (
				en,
				Base,
			);
			mainGroup = 5F652E5B1C2D8EE500E801E9;
			productRefGroup = 5F652E651C2D8EE500E801E9 /* Products */;
			projectDirPath = "";
			projectRoot = "";
			targets = (
				5F652E631C2D8EE500E801E9 /* BlueRed */,
				5F652E771C2D8EE500E801E9 /* BlueRedTests */,
				5F652E821C2D8EE500E801E9 /* BlueRedUITests */,
			);
		};
/* End PBXProject section */

/* Begin PBXResourcesBuildPhase section */
		5F652E621C2D8EE500E801E9 /* Resources */ = {
			isa = PBXResourcesBuildPhase;
			buildActionMask = 2147483647;
			files = (
				5F652E721C2D8EE500E801E9 /* LaunchScreen.storyboard in Resources */,
				5F652E6F1C2D8EE500E801E9 /* Assets.xcassets in Resources */,
				5F652E6D1C2D8EE500E801E9 /* Main.storyboard in Resources */,
			);
			runOnlyForDeploymentPostprocessing = 0;
		};
		5F652E761C2D8EE500E801E9 /* Resources */ = {
			isa = PBXResourcesBuildPhase;
			buildActionMask = 2147483647;
			files = (
			);
			runOnlyForDeploymentPostprocessing = 0;
		};
		5F652E811C2D8EE500E801E9 /* Resources */ = {
			isa = PBXResourcesBuildPhase;
			buildActionMask = 2147483647;
			files = (
			);
			runOnlyForDeploymentPostprocessing = 0;
		};
/* End PBXResourcesBuildPhase section */

/* Begin PBXSourcesBuildPhase section */
		5F652E601C2D8EE500E801E9 /* Sources */ = {
			isa = PBXSourcesBuildPhase;
			buildActionMask = 2147483647;
			files = (
				5F652E6A1C2D8EE500E801E9 /* ViewController.swift in Sources */,
				5F652E681C2D8EE500E801E9 /* AppDelegate.swift in Sources */,
			);
			runOnlyForDeploymentPostprocessing = 0;
		};
		5F652E741C2D8EE500E801E9 /* Sources */ = {
			isa = PBXSourcesBuildPhase;
			buildActionMask = 2147483647;
			files = (
				5F652E7D1C2D8EE500E801E9 /* BlueRedTests.swift in Sources */,
			);
			runOnlyForDeploymentPostprocessing = 0;
		};
		5F652E7F1C2D8EE500E801E9 /* Sources */ = {
			isa = PBXSourcesBuildPhase;
			buildActionMask = 2147483647;
			files = (
				5F652E881C2D8EE500E801E9 /* BlueRedUITests.swift in Sources */,
			);
			runOnlyForDeploymentPostprocessing = 0;
		};
/* End PBXSourcesBuildPhase section */

/* Begin PBXTargetDependency section */
		5F652E7A1C2D8EE500E801E9 /* PBXTargetDependency */ = {
			isa = PBXTargetDependency;
			target = 5F652E631C2D8EE500E801E9 /* BlueRed */;
			targetProxy = 5F652E791C2D8EE500E801E9 /* PBXContainerItemProxy */;
		};
		5F652E851C2D8EE500E801E9 /* PBXTargetDependency */ = {
			isa = PBXTargetDependency;
			target = 5F652E631C2D8EE500E801E9 /* BlueRed */;
			targetProxy = 5F652E841C2D8EE500E801E9 /* PBXContainerItemProxy */;
		};
/* End PBXTargetDependency section */

/* Begin PBXVariantGroup section */
		5F652E6B1C2D8EE500E801E9 /* Main.storyboard */ = {
			isa = PBXVariantGroup;
			children = (
				5F652E6C1C2D8EE500E801E9 /* Base */,
			);
			name = Main.storyboard;
			sourceTree = "<group>";
		};
		5F652E701C2D8EE500E801E9 /* LaunchScreen.storyboard */ = {
			isa = PBXVariantGroup;
			children = (
				5F652E711C2D8EE500E801E9 /* Base */,
			);
			name = LaunchScreen.storyboard;
			sourceTree = "<group>";
		};
/* End PBXVariantGroup section */

/* Begin XCBuildConfiguration section */
		5F652E8A1C2D8EE500E801E9 /* Debug */ = {
			isa = XCBuildConfiguration;
			buildSettings = {
				ALWAYS_SEARCH_USER_PATHS = NO;
				CLANG_CXX_LANGUAGE_STANDARD = "gnu++0x";
				CLANG_CXX_LIBRARY = "libc++";
				CLANG_ENABLE_MODULES = YES;
				CLANG_ENABLE_OBJC_ARC = YES;
				CLANG_WARN_BOOL_CONVERSION = YES;
				CLANG_WARN_CONSTANT_CONVERSION = YES;
				CLANG_WARN_DIRECT_OBJC_ISA_USAGE = YES_ERROR;
				CLANG_WARN_EMPTY_BODY = YES;
				CLANG_WARN_ENUM_CONVERSION = YES;
				CLANG_WARN_INT_CONVERSION = YES;
				CLANG_WARN_OBJC_ROOT_CLASS = YES_ERROR;
				CLANG_WARN_UNREACHABLE_CODE = YES;
				CLANG_WARN__DUPLICATE_METHOD_MATCH = YES;
				"CODE_SIGN_IDENTITY[sdk=iphoneos*]" = "iPhone Developer";
				COPY_PHASE_STRIP = NO;
				DEBUG_INFORMATION_FORMAT = dwarf;
				ENABLE_STRICT_OBJC_MSGSEND = YES;
				ENABLE_TESTABILITY = YES;
				GCC_C_LANGUAGE_STANDARD = gnu99;
				GCC_DYNAMIC_NO_PIC = NO;
				GCC_NO_COMMON_BLOCKS = YES;
				GCC_OPTIMIZATION_LEVEL = 0;
				GCC_PREPROCESSOR_DEFINITIONS = (
					"DEBUG=1",
					"$(inherited)",
				);
				GCC_WARN_64_TO_32_BIT_CONVERSION = YES;
				GCC_WARN_ABOUT_RETURN_TYPE = YES_ERROR;
				GCC_WARN_UNDECLARED_SELECTOR = YES;
				GCC_WARN_UNINITIALIZED_AUTOS = YES_AGGRESSIVE;
				GCC_WARN_UNUSED_FUNCTION = YES;
				GCC_WARN_UNUSED_VARIABLE = YES;
				IPHONEOS_DEPLOYMENT_TARGET = 9.2;
				MTL_ENABLE_DEBUG_INFO = YES;
				ONLY_ACTIVE_ARCH = YES;
				SDKROOT = iphoneos;
				SWIFT_OPTIMIZATION_LEVEL = "-Onone";
			};
			name = Debug;
		};
		5F652E8B1C2D8EE500E801E9 /* Release */ = {
			isa = XCBuildConfiguration;
			buildSettings = {
				ALWAYS_SEARCH_USER_PATHS = NO;
				CLANG_CXX_LANGUAGE_STANDARD = "gnu++0x";
				CLANG_CXX_LIBRARY = "libc++";
				CLANG_ENABLE_MODULES = YES;
				CLANG_ENABLE_OBJC_ARC = YES;
				CLANG_WARN_BOOL_CONVERSION = YES;
				CLANG_WARN_CONSTANT_CONVERSION = YES;
				CLANG_WARN_DIRECT_OBJC_ISA_USAGE = YES_ERROR;
				CLANG_WARN_EMPTY_BODY = YES;
				CLANG_WARN_ENUM_CONVERSION = YES;
				CLANG_WARN_INT_CONVERSION = YES;
				CLANG_WARN_OBJC_ROOT_CLASS = YES_ERROR;
				CLANG_WARN_UNREACHABLE_CODE = YES;
				CLANG_WARN__DUPLICATE_METHOD_MATCH = YES;
				"CODE_SIGN_IDENTITY[sdk=iphoneos*]" = "iPhone Developer";
				COPY_PHASE_STRIP = NO;
				DEBUG_INFORMATION_FORMAT = "dwarf-with-dsym";
				ENABLE_NS_ASSERTIONS = NO;
				ENABLE_STRICT_OBJC_MSGSEND = YES;
				GCC_C_LANGUAGE_STANDARD = gnu99;
				GCC_NO_COMMON_BLOCKS = YES;
				GCC_WARN_64_TO_32_BIT_CONVERSION = YES;
				GCC_WARN_ABOUT_RETURN_TYPE = YES_ERROR;
				GCC_WARN_UNDECLARED_SELECTOR = YES;
				GCC_WARN_UNINITIALIZED_AUTOS = YES_AGGRESSIVE;
				GCC_WARN_UNUSED_FUNCTION = YES;
				GCC_WARN_UNUSED_VARIABLE = YES;
				IPHONEOS_DEPLOYMENT_TARGET = 9.2;
				MTL_ENABLE_DEBUG_INFO = NO;
				SDKROOT = iphoneos;
				VALIDATE_PRODUCT = YES;
			};
			name = Release;
		};
		5F652E8D1C2D8EE500E801E9 /* Debug */ = {
			isa = XCBuildConfiguration;
			buildSettings = {
				ASSETCATALOG_COMPILER_APPICON_NAME = AppIcon;
				INFOPLIST_FILE = BlueRed/Info.plist;
				LD_RUNPATH_SEARCH_PATHS = "$(inherited) @executable_path/Frameworks";
				PRODUCT_BUNDLE_IDENTIFIER = c.BlueRed;
				PRODUCT_NAME = "$(TARGET_NAME)";
			};
			name = Debug;
		};
		5F652E8E1C2D8EE500E801E9 /* Release */ = {
			isa = XCBuildConfiguration;
			buildSettings = {
				ASSETCATALOG_COMPILER_APPICON_NAME = AppIcon;
				INFOPLIST_FILE = BlueRed/Info.plist;
				LD_RUNPATH_SEARCH_PATHS = "$(inherited) @executable_path/Frameworks";
				PRODUCT_BUNDLE_IDENTIFIER = c.BlueRed;
				PRODUCT_NAME = "$(TARGET_NAME)";
			};
			name = Release;
		};
		5F652E901C2D8EE500E801E9 /* Debug */ = {
			isa = XCBuildConfiguration;
			buildSettings = {
				BUNDLE_LOADER = "$(TEST_HOST)";
				INFOPLIST_FILE = BlueRedTests/Info.plist;
				LD_RUNPATH_SEARCH_PATHS = "$(inherited) @executable_path/Frameworks @loader_path/Frameworks";
				PRODUCT_BUNDLE_IDENTIFIER = c.BlueRedTests;
				PRODUCT_NAME = "$(TARGET_NAME)";
				TEST_HOST = "$(BUILT_PRODUCTS_DIR)/BlueRed.app/BlueRed";
			};
			name = Debug;
		};
		5F652E911C2D8EE500E801E9 /* Release */ = {
			isa = XCBuildConfiguration;
			buildSettings = {
				BUNDLE_LOADER = "$(TEST_HOST)";
				INFOPLIST_FILE = BlueRedTests/Info.plist;
				LD_RUNPATH_SEARCH_PATHS = "$(inherited) @executable_path/Frameworks @loader_path/Frameworks";
				PRODUCT_BUNDLE_IDENTIFIER = c.BlueRedTests;
				PRODUCT_NAME = "$(TARGET_NAME)";
				TEST_HOST = "$(BUILT_PRODUCTS_DIR)/BlueRed.app/BlueRed";
			};
			name = Release;
		};
		5F652E931C2D8EE500E801E9 /* Debug */ = {
			isa = XCBuildConfiguration;
			buildSettings = {
				INFOPLIST_FILE = BlueRedUITests/Info.plist;
				LD_RUNPATH_SEARCH_PATHS = "$(inherited) @executable_path/Frameworks @loader_path/Frameworks";
				PRODUCT_BUNDLE_IDENTIFIER = c.BlueRedUITests;
				PRODUCT_NAME = "$(TARGET_NAME)";
				TEST_TARGET_NAME = BlueRed;
				USES_XCTRUNNER = YES;
			};
			name = Debug;
		};
		5F652E941C2D8EE500E801E9 /* Release */ = {
			isa = XCBuildConfiguration;
			buildSettings = {
				INFOPLIST_FILE = BlueRedUITests/Info.plist;
				LD_RUNPATH_SEARCH_PATHS = "$(inherited) @executable_path/Frameworks @loader_path/Frameworks";
				PRODUCT_BUNDLE_IDENTIFIER = c.BlueRedUITests;
				PRODUCT_NAME = "$(TARGET_NAME)";
				TEST_TARGET_NAME = BlueRed;
				USES_XCTRUNNER = YES;
			};
			name = Release;
		};
/* End XCBuildConfiguration section */

/* Begin XCConfigurationList section */
		5F652E5F1C2D8EE500E801E9 /* Build configuration list for PBXProject "BlueRed" */ = {
			isa = XCConfigurationList;
			buildConfigurations = (
				5F652E8A1C2D8EE500E801E9 /* Debug */,
				5F652E8B1C2D8EE500E801E9 /* Release */,
			);
			defaultConfigurationIsVisible = 0;
			defaultConfigurationName = Release;
		};
		5F652E8C1C2D8EE500E801E9 /* Build configuration list for PBXNativeTarget "BlueRed" */ = {
			isa = XCConfigurationList;
			buildConfigurations = (
				5F652E8D1C2D8EE500E801E9 /* Debug */,
				5F652E8E1C2D8EE500E801E9 /* Release */,
			);
			defaultConfigurationIsVisible = 0;
		};
		5F652E8F1C2D8EE500E801E9 /* Build configuration list for PBXNativeTarget "BlueRedTests" */ = {
			isa = XCConfigurationList;
			buildConfigurations = (
				5F652E901C2D8EE500E801E9 /* Debug */,
				5F652E911C2D8EE500E801E9 /* Release */,
			);
			defaultConfigurationIsVisible = 0;
		};
		5F652E921C2D8EE500E801E9 /* Build configuration list for PBXNativeTarget "BlueRedUITests" */ = {
			isa = XCConfigurationList;
			buildConfigurations = (
				5F652E931C2D8EE500E801E9 /* Debug */,
				5F652E941C2D8EE500E801E9 /* Release */,
			);
			defaultConfigurationIsVisible = 0;
		};
/* End XCConfigurationList section */
	};
	rootObject = 5F652E5C1C2D8EE500E801E9 /* Project object */;
}
